// !$*UTF8*$!
{
	archiveVersion = 1;
	classes = {
	};
	objectVersion = 48;
	objects = {

/* Begin PBXBuildFile section */
		159C74420D3CCA6FAF27420E /* libPods-YJColorsRulerTests.a in Frameworks */ = {isa = PBXBuildFile; fileRef = 674E408942E1FB8182095396 /* libPods-YJColorsRulerTests.a */; };
		37007D37E2B0995BC1510850 /* libPods-YJColorsRuler.a in Frameworks */ = {isa = PBXBuildFile; fileRef = A5C510C48D1C14745642C4B7 /* libPods-YJColorsRuler.a */; };
		866335A61F87A3C200799EC7 /* AppDelegate.m in Sources */ = {isa = PBXBuildFile; fileRef = 866335A51F87A3C200799EC7 /* AppDelegate.m */; };
		866335A91F87A3C200799EC7 /* ViewController.m in Sources */ = {isa = PBXBuildFile; fileRef = 866335A81F87A3C200799EC7 /* ViewController.m */; };
		866335AC1F87A3C200799EC7 /* Main.storyboard in Resources */ = {isa = PBXBuildFile; fileRef = 866335AA1F87A3C200799EC7 /* Main.storyboard */; };
		866335AE1F87A3C200799EC7 /* Assets.xcassets in Resources */ = {isa = PBXBuildFile; fileRef = 866335AD1F87A3C200799EC7 /* Assets.xcassets */; };
		866335B11F87A3C200799EC7 /* LaunchScreen.storyboard in Resources */ = {isa = PBXBuildFile; fileRef = 866335AF1F87A3C200799EC7 /* LaunchScreen.storyboard */; };
		866335B41F87A3C200799EC7 /* main.m in Sources */ = {isa = PBXBuildFile; fileRef = 866335B31F87A3C200799EC7 /* main.m */; };
		866335BE1F87A3C300799EC7 /* YJColorsRulerTests.m in Sources */ = {isa = PBXBuildFile; fileRef = 866335BD1F87A3C300799EC7 /* YJColorsRulerTests.m */; };
		866335C91F87A3C300799EC7 /* YJColorsRulerUITests.m in Sources */ = {isa = PBXBuildFile; fileRef = 866335C81F87A3C300799EC7 /* YJColorsRulerUITests.m */; };
		866335DB1F87A43800799EC7 /* YJRuler.m in Sources */ = {isa = PBXBuildFile; fileRef = 866335D81F87A43800799EC7 /* YJRuler.m */; };
		866335DC1F87A43800799EC7 /* YJRulerScrollView.m in Sources */ = {isa = PBXBuildFile; fileRef = 866335DA1F87A43800799EC7 /* YJRulerScrollView.m */; };
		866335E01F87A6DB00799EC7 /* NSString+AddSeperator.m in Sources */ = {isa = PBXBuildFile; fileRef = 866335DF1F87A6DB00799EC7 /* NSString+AddSeperator.m */; };
		866335E31F87AAB100799EC7 /* YJRulerConstants.m in Sources */ = {isa = PBXBuildFile; fileRef = 866335E21F87AAB100799EC7 /* YJRulerConstants.m */; };
		866335E51F87AE9200799EC7 /* museosans_500-webfont-webfont.ttf in Resources */ = {isa = PBXBuildFile; fileRef = 866335E41F87AE9200799EC7 /* museosans_500-webfont-webfont.ttf */; };
		D571A2C31F4E782AE966C8F5 /* libPods-YJColorsRulerUITests.a in Frameworks */ = {isa = PBXBuildFile; fileRef = D3C4E7519D3B283030C69B08 /* libPods-YJColorsRulerUITests.a */; };
/* End PBXBuildFile section */

/* Begin PBXContainerItemProxy section */
		866335BA1F87A3C300799EC7 /* PBXContainerItemProxy */ = {
			isa = PBXContainerItemProxy;
			containerPortal = 866335991F87A3C200799EC7 /* Project object */;
			proxyType = 1;
			remoteGlobalIDString = 866335A01F87A3C200799EC7;
			remoteInfo = YJColorsRuler;
		};
		866335C51F87A3C300799EC7 /* PBXContainerItemProxy */ = {
			isa = PBXContainerItemProxy;
			containerPortal = 866335991F87A3C200799EC7 /* Project object */;
			proxyType = 1;
			remoteGlobalIDString = 866335A01F87A3C200799EC7;
			remoteInfo = YJColorsRuler;
		};
/* End PBXContainerItemProxy section */

/* Begin PBXFileReference section */
		0FB4CF98B8C4BC1978C25C66 /* Pods-YJColorsRulerTests.release.xcconfig */ = {isa = PBXFileReference; includeInIndex = 1; lastKnownFileType = text.xcconfig; name = "Pods-YJColorsRulerTests.release.xcconfig"; path = "Pods/Target Support Files/Pods-YJColorsRulerTests/Pods-YJColorsRulerTests.release.xcconfig"; sourceTree = "<group>"; };
		1025B2172D563127C8B40478 /* Pods-YJColorsRulerUITests.release.xcconfig */ = {isa = PBXFileReference; includeInIndex = 1; lastKnownFileType = text.xcconfig; name = "Pods-YJColorsRulerUITests.release.xcconfig"; path = "Pods/Target Support Files/Pods-YJColorsRulerUITests/Pods-YJColorsRulerUITests.release.xcconfig"; sourceTree = "<group>"; };
		674E408942E1FB8182095396 /* libPods-YJColorsRulerTests.a */ = {isa = PBXFileReference; explicitFileType = archive.ar; includeInIndex = 0; path = "libPods-YJColorsRulerTests.a"; sourceTree = BUILT_PRODUCTS_DIR; };
		866335A11F87A3C200799EC7 /* YJColorsRuler.app */ = {isa = PBXFileReference; explicitFileType = wrapper.application; includeInIndex = 0; path = YJColorsRuler.app; sourceTree = BUILT_PRODUCTS_DIR; };
		866335A41F87A3C200799EC7 /* AppDelegate.h */ = {isa = PBXFileReference; lastKnownFileType = sourcecode.c.h; path = AppDelegate.h; sourceTree = "<group>"; };
		866335A51F87A3C200799EC7 /* AppDelegate.m */ = {isa = PBXFileReference; lastKnownFileType = sourcecode.c.objc; path = AppDelegate.m; sourceTree = "<group>"; };
		866335A71F87A3C200799EC7 /* ViewController.h */ = {isa = PBXFileReference; lastKnownFileType = sourcecode.c.h; path = ViewController.h; sourceTree = "<group>"; };
		866335A81F87A3C200799EC7 /* ViewController.m */ = {isa = PBXFileReference; lastKnownFileType = sourcecode.c.objc; path = ViewController.m; sourceTree = "<group>"; };
		866335AB1F87A3C200799EC7 /* Base */ = {isa = PBXFileReference; lastKnownFileType = file.storyboard; name = Base; path = Base.lproj/Main.storyboard; sourceTree = "<group>"; };
		866335AD1F87A3C200799EC7 /* Assets.xcassets */ = {isa = PBXFileReference; lastKnownFileType = folder.assetcatalog; path = Assets.xcassets; sourceTree = "<group>"; };
		866335B01F87A3C200799EC7 /* Base */ = {isa = PBXFileReference; lastKnownFileType = file.storyboard; name = Base; path = Base.lproj/LaunchScreen.storyboard; sourceTree = "<group>"; };
		866335B21F87A3C200799EC7 /* Info.plist */ = {isa = PBXFileReference; lastKnownFileType = text.plist.xml; path = Info.plist; sourceTree = "<group>"; };
		866335B31F87A3C200799EC7 /* main.m */ = {isa = PBXFileReference; lastKnownFileType = sourcecode.c.objc; path = main.m; sourceTree = "<group>"; };
		866335B91F87A3C300799EC7 /* YJColorsRulerTests.xctest */ = {isa = PBXFileReference; explicitFileType = wrapper.cfbundle; includeInIndex = 0; path = YJColorsRulerTests.xctest; sourceTree = BUILT_PRODUCTS_DIR; };
		866335BD1F87A3C300799EC7 /* YJColorsRulerTests.m */ = {isa = PBXFileReference; lastKnownFileType = sourcecode.c.objc; path = YJColorsRulerTests.m; sourceTree = "<group>"; };
		866335BF1F87A3C300799EC7 /* Info.plist */ = {isa = PBXFileReference; lastKnownFileType = text.plist.xml; path = Info.plist; sourceTree = "<group>"; };
		866335C41F87A3C300799EC7 /* YJColorsRulerUITests.xctest */ = {isa = PBXFileReference; explicitFileType = wrapper.cfbundle; includeInIndex = 0; path = YJColorsRulerUITests.xctest; sourceTree = BUILT_PRODUCTS_DIR; };
		866335C81F87A3C300799EC7 /* YJColorsRulerUITests.m */ = {isa = PBXFileReference; lastKnownFileType = sourcecode.c.objc; path = YJColorsRulerUITests.m; sourceTree = "<group>"; };
		866335CA1F87A3C300799EC7 /* Info.plist */ = {isa = PBXFileReference; lastKnownFileType = text.plist.xml; path = Info.plist; sourceTree = "<group>"; };
		866335D71F87A43800799EC7 /* YJRuler.h */ = {isa = PBXFileReference; fileEncoding = 4; lastKnownFileType = sourcecode.c.h; path = YJRuler.h; sourceTree = "<group>"; };
		866335D81F87A43800799EC7 /* YJRuler.m */ = {isa = PBXFileReference; fileEncoding = 4; lastKnownFileType = sourcecode.c.objc; path = YJRuler.m; sourceTree = "<group>"; };
		866335D91F87A43800799EC7 /* YJRulerScrollView.h */ = {isa = PBXFileReference; fileEncoding = 4; lastKnownFileType = sourcecode.c.h; path = YJRulerScrollView.h; sourceTree = "<group>"; };
		866335DA1F87A43800799EC7 /* YJRulerScrollView.m */ = {isa = PBXFileReference; fileEncoding = 4; lastKnownFileType = sourcecode.c.objc; path = YJRulerScrollView.m; sourceTree = "<group>"; };
		866335DE1F87A6DB00799EC7 /* NSString+AddSeperator.h */ = {isa = PBXFileReference; fileEncoding = 4; lastKnownFileType = sourcecode.c.h; path = "NSString+AddSeperator.h"; sourceTree = "<group>"; };
		866335DF1F87A6DB00799EC7 /* NSString+AddSeperator.m */ = {isa = PBXFileReference; fileEncoding = 4; lastKnownFileType = sourcecode.c.objc; path = "NSString+AddSeperator.m"; sourceTree = "<group>"; };
		866335E11F87AAB100799EC7 /* YJRulerConstants.h */ = {isa = PBXFileReference; lastKnownFileType = sourcecode.c.h; path = YJRulerConstants.h; sourceTree = "<group>"; };
		866335E21F87AAB100799EC7 /* YJRulerConstants.m */ = {isa = PBXFileReference; lastKnownFileType = sourcecode.c.objc; path = YJRulerConstants.m; sourceTree = "<group>"; };
		866335E41F87AE9200799EC7 /* museosans_500-webfont-webfont.ttf */ = {isa = PBXFileReference; lastKnownFileType = file; path = "museosans_500-webfont-webfont.ttf"; sourceTree = "<group>"; };
		A5C510C48D1C14745642C4B7 /* libPods-YJColorsRuler.a */ = {isa = PBXFileReference; explicitFileType = archive.ar; includeInIndex = 0; path = "libPods-YJColorsRuler.a"; sourceTree = BUILT_PRODUCTS_DIR; };
		B7BF6C74876E44EAA3D4432A /* Pods-YJColorsRuler.release.xcconfig */ = {isa = PBXFileReference; includeInIndex = 1; lastKnownFileType = text.xcconfig; name = "Pods-YJColorsRuler.release.xcconfig"; path = "Pods/Target Support Files/Pods-YJColorsRuler/Pods-YJColorsRuler.release.xcconfig"; sourceTree = "<group>"; };
		D3C4E7519D3B283030C69B08 /* libPods-YJColorsRulerUITests.a */ = {isa = PBXFileReference; explicitFileType = archive.ar; includeInIndex = 0; path = "libPods-YJColorsRulerUITests.a"; sourceTree = BUILT_PRODUCTS_DIR; };
		D4AD777A5C78D9F132BF4AF3 /* Pods-YJColorsRulerTests.debug.xcconfig */ = {isa = PBXFileReference; includeInIndex = 1; lastKnownFileType = text.xcconfig; name = "Pods-YJColorsRulerTests.debug.xcconfig"; path = "Pods/Target Support Files/Pods-YJColorsRulerTests/Pods-YJColorsRulerTests.debug.xcconfig"; sourceTree = "<group>"; };
		E31E0F972FAAC67BECFF3D46 /* Pods-YJColorsRuler.debug.xcconfig */ = {isa = PBXFileReference; includeInIndex = 1; lastKnownFileType = text.xcconfig; name = "Pods-YJColorsRuler.debug.xcconfig"; path = "Pods/Target Support Files/Pods-YJColorsRuler/Pods-YJColorsRuler.debug.xcconfig"; sourceTree = "<group>"; };
		FCDFC5F165D464A0A3A6C6A2 /* Pods-YJColorsRulerUITests.debug.xcconfig */ = {isa = PBXFileReference; includeInIndex = 1; lastKnownFileType = text.xcconfig; name = "Pods-YJColorsRulerUITests.debug.xcconfig"; path = "Pods/Target Support Files/Pods-YJColorsRulerUITests/Pods-YJColorsRulerUITests.debug.xcconfig"; sourceTree = "<group>"; };
/* End PBXFileReference section */

/* Begin PBXFrameworksBuildPhase section */
		8663359E1F87A3C200799EC7 /* Frameworks */ = {
			isa = PBXFrameworksBuildPhase;
			buildActionMask = 2147483647;
			files = (
				37007D37E2B0995BC1510850 /* libPods-YJColorsRuler.a in Frameworks */,
			);
			runOnlyForDeploymentPostprocessing = 0;
		};
		866335B61F87A3C300799EC7 /* Frameworks */ = {
			isa = PBXFrameworksBuildPhase;
			buildActionMask = 2147483647;
			files = (
				159C74420D3CCA6FAF27420E /* libPods-YJColorsRulerTests.a in Frameworks */,
			);
			runOnlyForDeploymentPostprocessing = 0;
		};
		866335C11F87A3C300799EC7 /* Frameworks */ = {
			isa = PBXFrameworksBuildPhase;
			buildActionMask = 2147483647;
			files = (
				D571A2C31F4E782AE966C8F5 /* libPods-YJColorsRulerUITests.a in Frameworks */,
			);
			runOnlyForDeploymentPostprocessing = 0;
		};
/* End PBXFrameworksBuildPhase section */

/* Begin PBXGroup section */
		08C91DEF14C218F616B691EC /* Frameworks */ = {
			isa = PBXGroup;
			children = (
				A5C510C48D1C14745642C4B7 /* libPods-YJColorsRuler.a */,
				674E408942E1FB8182095396 /* libPods-YJColorsRulerTests.a */,
				D3C4E7519D3B283030C69B08 /* libPods-YJColorsRulerUITests.a */,
			);
			name = Frameworks;
			sourceTree = "<group>";
		};
		866335981F87A3C200799EC7 = {
			isa = PBXGroup;
			children = (
				866335A31F87A3C200799EC7 /* YJColorsRuler */,
				866335BC1F87A3C300799EC7 /* YJColorsRulerTests */,
				866335C71F87A3C300799EC7 /* YJColorsRulerUITests */,
				866335A21F87A3C200799EC7 /* Products */,
				E821D94AB51EA1BD7E90FE43 /* Pods */,
				08C91DEF14C218F616B691EC /* Frameworks */,
			);
			sourceTree = "<group>";
		};
		866335A21F87A3C200799EC7 /* Products */ = {
			isa = PBXGroup;
			children = (
				866335A11F87A3C200799EC7 /* YJColorsRuler.app */,
				866335B91F87A3C300799EC7 /* YJColorsRulerTests.xctest */,
				866335C41F87A3C300799EC7 /* YJColorsRulerUITests.xctest */,
			);
			name = Products;
			sourceTree = "<group>";
		};
		866335A31F87A3C200799EC7 /* YJColorsRuler */ = {
			isa = PBXGroup;
			children = (
				866335E41F87AE9200799EC7 /* museosans_500-webfont-webfont.ttf */,
				866335DD1F87A6C600799EC7 /* Categories */,
				866335D61F87A43800799EC7 /* YJRuler */,
				866335A41F87A3C200799EC7 /* AppDelegate.h */,
				866335A51F87A3C200799EC7 /* AppDelegate.m */,
				866335A71F87A3C200799EC7 /* ViewController.h */,
				866335A81F87A3C200799EC7 /* ViewController.m */,
				866335AA1F87A3C200799EC7 /* Main.storyboard */,
				866335AD1F87A3C200799EC7 /* Assets.xcassets */,
				866335AF1F87A3C200799EC7 /* LaunchScreen.storyboard */,
				866335B21F87A3C200799EC7 /* Info.plist */,
				866335B31F87A3C200799EC7 /* main.m */,
			);
			path = YJColorsRuler;
			sourceTree = "<group>";
		};
		866335BC1F87A3C300799EC7 /* YJColorsRulerTests */ = {
			isa = PBXGroup;
			children = (
				866335BD1F87A3C300799EC7 /* YJColorsRulerTests.m */,
				866335BF1F87A3C300799EC7 /* Info.plist */,
			);
			path = YJColorsRulerTests;
			sourceTree = "<group>";
		};
		866335C71F87A3C300799EC7 /* YJColorsRulerUITests */ = {
			isa = PBXGroup;
			children = (
				866335C81F87A3C300799EC7 /* YJColorsRulerUITests.m */,
				866335CA1F87A3C300799EC7 /* Info.plist */,
			);
			path = YJColorsRulerUITests;
			sourceTree = "<group>";
		};
		866335D61F87A43800799EC7 /* YJRuler */ = {
			isa = PBXGroup;
			children = (
				866335D71F87A43800799EC7 /* YJRuler.h */,
				866335D81F87A43800799EC7 /* YJRuler.m */,
				866335D91F87A43800799EC7 /* YJRulerScrollView.h */,
				866335DA1F87A43800799EC7 /* YJRulerScrollView.m */,
				866335E11F87AAB100799EC7 /* YJRulerConstants.h */,
				866335E21F87AAB100799EC7 /* YJRulerConstants.m */,
			);
			path = YJRuler;
			sourceTree = "<group>";
		};
		866335DD1F87A6C600799EC7 /* Categories */ = {
			isa = PBXGroup;
			children = (
				866335DE1F87A6DB00799EC7 /* NSString+AddSeperator.h */,
				866335DF1F87A6DB00799EC7 /* NSString+AddSeperator.m */,
			);
			path = Categories;
			sourceTree = "<group>";
		};
		E821D94AB51EA1BD7E90FE43 /* Pods */ = {
			isa = PBXGroup;
			children = (
				E31E0F972FAAC67BECFF3D46 /* Pods-YJColorsRuler.debug.xcconfig */,
				B7BF6C74876E44EAA3D4432A /* Pods-YJColorsRuler.release.xcconfig */,
				D4AD777A5C78D9F132BF4AF3 /* Pods-YJColorsRulerTests.debug.xcconfig */,
				0FB4CF98B8C4BC1978C25C66 /* Pods-YJColorsRulerTests.release.xcconfig */,
				FCDFC5F165D464A0A3A6C6A2 /* Pods-YJColorsRulerUITests.debug.xcconfig */,
				1025B2172D563127C8B40478 /* Pods-YJColorsRulerUITests.release.xcconfig */,
			);
			name = Pods;
			sourceTree = "<group>";
		};
/* End PBXGroup section */

/* Begin PBXNativeTarget section */
		866335A01F87A3C200799EC7 /* YJColorsRuler */ = {
			isa = PBXNativeTarget;
			buildConfigurationList = 866335CD1F87A3C300799EC7 /* Build configuration list for PBXNativeTarget "YJColorsRuler" */;
			buildPhases = (
				B25242562852EEF2833BBBFB /* [CP] Check Pods Manifest.lock */,
				8663359D1F87A3C200799EC7 /* Sources */,
				8663359E1F87A3C200799EC7 /* Frameworks */,
				8663359F1F87A3C200799EC7 /* Resources */,
				60D8C8741A971AC18EEBFB56 /* [CP] Embed Pods Frameworks */,
				61A87C00B88A80CACD4AF85A /* [CP] Copy Pods Resources */,
			);
			buildRules = (
			);
			dependencies = (
			);
			name = YJColorsRuler;
			productName = YJColorsRuler;
			productReference = 866335A11F87A3C200799EC7 /* YJColorsRuler.app */;
			productType = "com.apple.product-type.application";
		};
		866335B81F87A3C300799EC7 /* YJColorsRulerTests */ = {
			isa = PBXNativeTarget;
			buildConfigurationList = 866335D01F87A3C300799EC7 /* Build configuration list for PBXNativeTarget "YJColorsRulerTests" */;
			buildPhases = (
				DC8D95EF36DCFBCA0ADA2B18 /* [CP] Check Pods Manifest.lock */,
				866335B51F87A3C300799EC7 /* Sources */,
				866335B61F87A3C300799EC7 /* Frameworks */,
				866335B71F87A3C300799EC7 /* Resources */,
				F0D844283235966A54E09E25 /* [CP] Embed Pods Frameworks */,
				2D2CD0EF4C3804C3DFB21CBD /* [CP] Copy Pods Resources */,
			);
			buildRules = (
			);
			dependencies = (
				866335BB1F87A3C300799EC7 /* PBXTargetDependency */,
			);
			name = YJColorsRulerTests;
			productName = YJColorsRulerTests;
			productReference = 866335B91F87A3C300799EC7 /* YJColorsRulerTests.xctest */;
			productType = "com.apple.product-type.bundle.unit-test";
		};
		866335C31F87A3C300799EC7 /* YJColorsRulerUITests */ = {
			isa = PBXNativeTarget;
			buildConfigurationList = 866335D31F87A3C300799EC7 /* Build configuration list for PBXNativeTarget "YJColorsRulerUITests" */;
			buildPhases = (
				7A9BE405DFAAB6B2D6444FA4 /* [CP] Check Pods Manifest.lock */,
				866335C01F87A3C300799EC7 /* Sources */,
				866335C11F87A3C300799EC7 /* Frameworks */,
				866335C21F87A3C300799EC7 /* Resources */,
				89D4B7A8334C98B44B8CB420 /* [CP] Embed Pods Frameworks */,
				603ED85014A67D9BBAC8CEBF /* [CP] Copy Pods Resources */,
			);
			buildRules = (
			);
			dependencies = (
				866335C61F87A3C300799EC7 /* PBXTargetDependency */,
			);
			name = YJColorsRulerUITests;
			productName = YJColorsRulerUITests;
			productReference = 866335C41F87A3C300799EC7 /* YJColorsRulerUITests.xctest */;
			productType = "com.apple.product-type.bundle.ui-testing";
		};
/* End PBXNativeTarget section */

/* Begin PBXProject section */
		866335991F87A3C200799EC7 /* Project object */ = {
			isa = PBXProject;
			attributes = {
				LastUpgradeCheck = 0900;
				ORGANIZATIONNAME = ChenKun;
				TargetAttributes = {
					866335A01F87A3C200799EC7 = {
						CreatedOnToolsVersion = 9.0;
						ProvisioningStyle = Automatic;
					};
					866335B81F87A3C300799EC7 = {
						CreatedOnToolsVersion = 9.0;
						ProvisioningStyle = Automatic;
						TestTargetID = 866335A01F87A3C200799EC7;
					};
					866335C31F87A3C300799EC7 = {
						CreatedOnToolsVersion = 9.0;
						ProvisioningStyle = Automatic;
						TestTargetID = 866335A01F87A3C200799EC7;
					};
				};
			};
			buildConfigurationList = 8663359C1F87A3C200799EC7 /* Build configuration list for PBXProject "YJColorsRuler" */;
			compatibilityVersion = "Xcode 8.0";
			developmentRegion = en;
			hasScannedForEncodings = 0;
			knownRegions = (
				en,
				Base,
			);
			mainGroup = 866335981F87A3C200799EC7;
			productRefGroup = 866335A21F87A3C200799EC7 /* Products */;
			projectDirPath = "";
			projectRoot = "";
			targets = (
				866335A01F87A3C200799EC7 /* YJColorsRuler */,
				866335B81F87A3C300799EC7 /* YJColorsRulerTests */,
				866335C31F87A3C300799EC7 /* YJColorsRulerUITests */,
			);
		};
/* End PBXProject section */

/* Begin PBXResourcesBuildPhase section */
		8663359F1F87A3C200799EC7 /* Resources */ = {
			isa = PBXResourcesBuildPhase;
			buildActionMask = 2147483647;
			files = (
				866335B11F87A3C200799EC7 /* LaunchScreen.storyboard in Resources */,
				866335E51F87AE9200799EC7 /* museosans_500-webfont-webfont.ttf in Resources */,
				866335AE1F87A3C200799EC7 /* Assets.xcassets in Resources */,
				866335AC1F87A3C200799EC7 /* Main.storyboard in Resources */,
			);
			runOnlyForDeploymentPostprocessing = 0;
		};
		866335B71F87A3C300799EC7 /* Resources */ = {
			isa = PBXResourcesBuildPhase;
			buildActionMask = 2147483647;
			files = (
			);
			runOnlyForDeploymentPostprocessing = 0;
		};
		866335C21F87A3C300799EC7 /* Resources */ = {
			isa = PBXResourcesBuildPhase;
			buildActionMask = 2147483647;
			files = (
			);
			runOnlyForDeploymentPostprocessing = 0;
		};
/* End PBXResourcesBuildPhase section */

/* Begin PBXShellScriptBuildPhase section */
		2D2CD0EF4C3804C3DFB21CBD /* [CP] Copy Pods Resources */ = {
			isa = PBXShellScriptBuildPhase;
			buildActionMask = 2147483647;
			files = (
			);
			inputPaths = (
			);
			name = "[CP] Copy Pods Resources";
			outputPaths = (
			);
			runOnlyForDeploymentPostprocessing = 0;
			shellPath = /bin/sh;
			shellScript = "\"${SRCROOT}/Pods/Target Support Files/Pods-YJColorsRulerTests/Pods-YJColorsRulerTests-resources.sh\"\n";
			showEnvVarsInLog = 0;
		};
		603ED85014A67D9BBAC8CEBF /* [CP] Copy Pods Resources */ = {
			isa = PBXShellScriptBuildPhase;
			buildActionMask = 2147483647;
			files = (
			);
			inputPaths = (
			);
			name = "[CP] Copy Pods Resources";
			outputPaths = (
			);
			runOnlyForDeploymentPostprocessing = 0;
			shellPath = /bin/sh;
			shellScript = "\"${SRCROOT}/Pods/Target Support Files/Pods-YJColorsRulerUITests/Pods-YJColorsRulerUITests-resources.sh\"\n";
			showEnvVarsInLog = 0;
		};
		60D8C8741A971AC18EEBFB56 /* [CP] Embed Pods Frameworks */ = {
			isa = PBXShellScriptBuildPhase;
			buildActionMask = 2147483647;
			files = (
			);
			inputPaths = (
			);
			name = "[CP] Embed Pods Frameworks";
			outputPaths = (
			);
			runOnlyForDeploymentPostprocessing = 0;
			shellPath = /bin/sh;
			shellScript = "\"${SRCROOT}/Pods/Target Support Files/Pods-YJColorsRuler/Pods-YJColorsRuler-frameworks.sh\"\n";
			showEnvVarsInLog = 0;
		};
		61A87C00B88A80CACD4AF85A /* [CP] Copy Pods Resources */ = {
			isa = PBXShellScriptBuildPhase;
			buildActionMask = 2147483647;
			files = (
			);
			inputPaths = (
			);
			name = "[CP] Copy Pods Resources";
			outputPaths = (
			);
			runOnlyForDeploymentPostprocessing = 0;
			shellPath = /bin/sh;
			shellScript = "\"${SRCROOT}/Pods/Target Support Files/Pods-YJColorsRuler/Pods-YJColorsRuler-resources.sh\"\n";
			showEnvVarsInLog = 0;
		};
		7A9BE405DFAAB6B2D6444FA4 /* [CP] Check Pods Manifest.lock */ = {
			isa = PBXShellScriptBuildPhase;
			buildActionMask = 2147483647;
			files = (
			);
			inputPaths = (
				"${PODS_PODFILE_DIR_PATH}/Podfile.lock",
				"${PODS_ROOT}/Manifest.lock",
			);
			name = "[CP] Check Pods Manifest.lock";
			outputPaths = (
				"$(DERIVED_FILE_DIR)/Pods-YJColorsRulerUITests-checkManifestLockResult.txt",
			);
			runOnlyForDeploymentPostprocessing = 0;
			shellPath = /bin/sh;
			shellScript = "diff \"${PODS_PODFILE_DIR_PATH}/Podfile.lock\" \"${PODS_ROOT}/Manifest.lock\" > /dev/null\nif [ $? != 0 ] ; then\n    # print error to STDERR\n    echo \"error: The sandbox is not in sync with the Podfile.lock. Run 'pod install' or update your CocoaPods installation.\" >&2\n    exit 1\nfi\n# This output is used by Xcode 'outputs' to avoid re-running this script phase.\necho \"SUCCESS\" > \"${SCRIPT_OUTPUT_FILE_0}\"\n";
			showEnvVarsInLog = 0;
		};
		89D4B7A8334C98B44B8CB420 /* [CP] Embed Pods Frameworks */ = {
			isa = PBXShellScriptBuildPhase;
			buildActionMask = 2147483647;
			files = (
			);
			inputPaths = (
			);
			name = "[CP] Embed Pods Frameworks";
			outputPaths = (
			);
			runOnlyForDeploymentPostprocessing = 0;
			shellPath = /bin/sh;
			shellScript = "\"${SRCROOT}/Pods/Target Support Files/Pods-YJColorsRulerUITests/Pods-YJColorsRulerUITests-frameworks.sh\"\n";
			showEnvVarsInLog = 0;
		};
		B25242562852EEF2833BBBFB /* [CP] Check Pods Manifest.lock */ = {
			isa = PBXShellScriptBuildPhase;
			buildActionMask = 2147483647;
			files = (
			);
			inputPaths = (
				"${PODS_PODFILE_DIR_PATH}/Podfile.lock",
				"${PODS_ROOT}/Manifest.lock",
			);
			name = "[CP] Check Pods Manifest.lock";
			outputPaths = (
				"$(DERIVED_FILE_DIR)/Pods-YJColorsRuler-checkManifestLockResult.txt",
			);
			runOnlyForDeploymentPostprocessing = 0;
			shellPath = /bin/sh;
			shellScript = "diff \"${PODS_PODFILE_DIR_PATH}/Podfile.lock\" \"${PODS_ROOT}/Manifest.lock\" > /dev/null\nif [ $? != 0 ] ; then\n    # print error to STDERR\n    echo \"error: The sandbox is not in sync with the Podfile.lock. Run 'pod install' or update your CocoaPods installation.\" >&2\n    exit 1\nfi\n# This output is used by Xcode 'outputs' to avoid re-running this script phase.\necho \"SUCCESS\" > \"${SCRIPT_OUTPUT_FILE_0}\"\n";
			showEnvVarsInLog = 0;
		};
		DC8D95EF36DCFBCA0ADA2B18 /* [CP] Check Pods Manifest.lock */ = {
			isa = PBXShellScriptBuildPhase;
			buildActionMask = 2147483647;
			files = (
			);
			inputPaths = (
				"${PODS_PODFILE_DIR_PATH}/Podfile.lock",
				"${PODS_ROOT}/Manifest.lock",
			);
			name = "[CP] Check Pods Manifest.lock";
			outputPaths = (
				"$(DERIVED_FILE_DIR)/Pods-YJColorsRulerTests-checkManifestLockResult.txt",
			);
			runOnlyForDeploymentPostprocessing = 0;
			shellPath = /bin/sh;
			shellScript = "diff \"${PODS_PODFILE_DIR_PATH}/Podfile.lock\" \"${PODS_ROOT}/Manifest.lock\" > /dev/null\nif [ $? != 0 ] ; then\n    # print error to STDERR\n    echo \"error: The sandbox is not in sync with the Podfile.lock. Run 'pod install' or update your CocoaPods installation.\" >&2\n    exit 1\nfi\n# This output is used by Xcode 'outputs' to avoid re-running this script phase.\necho \"SUCCESS\" > \"${SCRIPT_OUTPUT_FILE_0}\"\n";
			showEnvVarsInLog = 0;
		};
		F0D844283235966A54E09E25 /* [CP] Embed Pods Frameworks */ = {
			isa = PBXShellScriptBuildPhase;
			buildActionMask = 2147483647;
			files = (
			);
			inputPaths = (
			);
			name = "[CP] Embed Pods Frameworks";
			outputPaths = (
			);
			runOnlyForDeploymentPostprocessing = 0;
			shellPath = /bin/sh;
			shellScript = "\"${SRCROOT}/Pods/Target Support Files/Pods-YJColorsRulerTests/Pods-YJColorsRulerTests-frameworks.sh\"\n";
			showEnvVarsInLog = 0;
		};
/* End PBXShellScriptBuildPhase section */

/* Begin PBXSourcesBuildPhase section */
		8663359D1F87A3C200799EC7 /* Sources */ = {
			isa = PBXSourcesBuildPhase;
			buildActionMask = 2147483647;
			files = (
				866335DC1F87A43800799EC7 /* YJRulerScrollView.m in Sources */,
				866335A91F87A3C200799EC7 /* ViewController.m in Sources */,
				866335DB1F87A43800799EC7 /* YJRuler.m in Sources */,
				866335E01F87A6DB00799EC7 /* NSString+AddSeperator.m in Sources */,
				866335B41F87A3C200799EC7 /* main.m in Sources */,
				866335A61F87A3C200799EC7 /* AppDelegate.m in Sources */,
				866335E31F87AAB100799EC7 /* YJRulerConstants.m in Sources */,
			);
			runOnlyForDeploymentPostprocessing = 0;
		};
		866335B51F87A3C300799EC7 /* Sources */ = {
			isa = PBXSourcesBuildPhase;
			buildActionMask = 2147483647;
			files = (
				866335BE1F87A3C300799EC7 /* YJColorsRulerTests.m in Sources */,
			);
			runOnlyForDeploymentPostprocessing = 0;
		};
		866335C01F87A3C300799EC7 /* Sources */ = {
			isa = PBXSourcesBuildPhase;
			buildActionMask = 2147483647;
			files = (
				866335C91F87A3C300799EC7 /* YJColorsRulerUITests.m in Sources */,
			);
			runOnlyForDeploymentPostprocessing = 0;
		};
/* End PBXSourcesBuildPhase section */

/* Begin PBXTargetDependency section */
		866335BB1F87A3C300799EC7 /* PBXTargetDependency */ = {
			isa = PBXTargetDependency;
			target = 866335A01F87A3C200799EC7 /* YJColorsRuler */;
			targetProxy = 866335BA1F87A3C300799EC7 /* PBXContainerItemProxy */;
		};
		866335C61F87A3C300799EC7 /* PBXTargetDependency */ = {
			isa = PBXTargetDependency;
			target = 866335A01F87A3C200799EC7 /* YJColorsRuler */;
			targetProxy = 866335C51F87A3C300799EC7 /* PBXContainerItemProxy */;
		};
/* End PBXTargetDependency section */

/* Begin PBXVariantGroup section */
		866335AA1F87A3C200799EC7 /* Main.storyboard */ = {
			isa = PBXVariantGroup;
			children = (
				866335AB1F87A3C200799EC7 /* Base */,
			);
			name = Main.storyboard;
			sourceTree = "<group>";
		};
		866335AF1F87A3C200799EC7 /* LaunchScreen.storyboard */ = {
			isa = PBXVariantGroup;
			children = (
				866335B01F87A3C200799EC7 /* Base */,
			);
			name = LaunchScreen.storyboard;
			sourceTree = "<group>";
		};
/* End PBXVariantGroup section */

/* Begin XCBuildConfiguration section */
		866335CB1F87A3C300799EC7 /* Debug */ = {
			isa = XCBuildConfiguration;
			buildSettings = {
				ALWAYS_SEARCH_USER_PATHS = NO;
				CLANG_ANALYZER_NONNULL = YES;
				CLANG_ANALYZER_NUMBER_OBJECT_CONVERSION = YES_AGGRESSIVE;
				CLANG_CXX_LANGUAGE_STANDARD = "gnu++14";
				CLANG_CXX_LIBRARY = "libc++";
				CLANG_ENABLE_MODULES = YES;
				CLANG_ENABLE_OBJC_ARC = YES;
				CLANG_WARN_BLOCK_CAPTURE_AUTORELEASING = YES;
				CLANG_WARN_BOOL_CONVERSION = YES;
				CLANG_WARN_COMMA = YES;
				CLANG_WARN_CONSTANT_CONVERSION = YES;
				CLANG_WARN_DIRECT_OBJC_ISA_USAGE = YES_ERROR;
				CLANG_WARN_DOCUMENTATION_COMMENTS = YES;
				CLANG_WARN_EMPTY_BODY = YES;
				CLANG_WARN_ENUM_CONVERSION = YES;
				CLANG_WARN_INFINITE_RECURSION = YES;
				CLANG_WARN_INT_CONVERSION = YES;
				CLANG_WARN_NON_LITERAL_NULL_CONVERSION = YES;
				CLANG_WARN_OBJC_LITERAL_CONVERSION = YES;
				CLANG_WARN_OBJC_ROOT_CLASS = YES_ERROR;
				CLANG_WARN_RANGE_LOOP_ANALYSIS = YES;
				CLANG_WARN_STRICT_PROTOTYPES = YES;
				CLANG_WARN_SUSPICIOUS_MOVE = YES;
				CLANG_WARN_UNGUARDED_AVAILABILITY = YES_AGGRESSIVE;
				CLANG_WARN_UNREACHABLE_CODE = YES;
				CLANG_WARN__DUPLICATE_METHOD_MATCH = YES;
				CODE_SIGN_IDENTITY = "iPhone Developer";
				COPY_PHASE_STRIP = NO;
				DEBUG_INFORMATION_FORMAT = dwarf;
				ENABLE_STRICT_OBJC_MSGSEND = YES;
				ENABLE_TESTABILITY = YES;
				GCC_C_LANGUAGE_STANDARD = gnu11;
				GCC_DYNAMIC_NO_PIC = NO;
				GCC_NO_COMMON_BLOCKS = YES;
				GCC_OPTIMIZATION_LEVEL = 0;
				GCC_PREPROCESSOR_DEFINITIONS = (
					"DEBUG=1",
					"$(inherited)",
				);
				GCC_WARN_64_TO_32_BIT_CONVERSION = YES;
				GCC_WARN_ABOUT_RETURN_TYPE = YES_ERROR;
				GCC_WARN_UNDECLARED_SELECTOR = YES;
				GCC_WARN_UNINITIALIZED_AUTOS = YES_AGGRESSIVE;
				GCC_WARN_UNUSED_FUNCTION = YES;
				GCC_WARN_UNUSED_VARIABLE = YES;
				IPHONEOS_DEPLOYMENT_TARGET = 11.0;
				MTL_ENABLE_DEBUG_INFO = YES;
				ONLY_ACTIVE_ARCH = YES;
				SDKROOT = iphoneos;
			};
			name = Debug;
		};
		866335CC1F87A3C300799EC7 /* Release */ = {
			isa = XCBuildConfiguration;
			buildSettings = {
				ALWAYS_SEARCH_USER_PATHS = NO;
				CLANG_ANALYZER_NONNULL = YES;
				CLANG_ANALYZER_NUMBER_OBJECT_CONVERSION = YES_AGGRESSIVE;
				CLANG_CXX_LANGUAGE_STANDARD = "gnu++14";
				CLANG_CXX_LIBRARY = "libc++";
				CLANG_ENABLE_MODULES = YES;
				CLANG_ENABLE_OBJC_ARC = YES;
				CLANG_WARN_BLOCK_CAPTURE_AUTORELEASING = YES;
				CLANG_WARN_BOOL_CONVERSION = YES;
				CLANG_WARN_COMMA = YES;
				CLANG_WARN_CONSTANT_CONVERSION = YES;
				CLANG_WARN_DIRECT_OBJC_ISA_USAGE = YES_ERROR;
				CLANG_WARN_DOCUMENTATION_COMMENTS = YES;
				CLANG_WARN_EMPTY_BODY = YES;
				CLANG_WARN_ENUM_CONVERSION = YES;
				CLANG_WARN_INFINITE_RECURSION = YES;
				CLANG_WARN_INT_CONVERSION = YES;
				CLANG_WARN_NON_LITERAL_NULL_CONVERSION = YES;
				CLANG_WARN_OBJC_LITERAL_CONVERSION = YES;
				CLANG_WARN_OBJC_ROOT_CLASS = YES_ERROR;
				CLANG_WARN_RANGE_LOOP_ANALYSIS = YES;
				CLANG_WARN_STRICT_PROTOTYPES = YES;
				CLANG_WARN_SUSPICIOUS_MOVE = YES;
				CLANG_WARN_UNGUARDED_AVAILABILITY = YES_AGGRESSIVE;
				CLANG_WARN_UNREACHABLE_CODE = YES;
				CLANG_WARN__DUPLICATE_METHOD_MATCH = YES;
				CODE_SIGN_IDENTITY = "iPhone Developer";
				COPY_PHASE_STRIP = NO;
				DEBUG_INFORMATION_FORMAT = "dwarf-with-dsym";
				ENABLE_NS_ASSERTIONS = NO;
				ENABLE_STRICT_OBJC_MSGSEND = YES;
				GCC_C_LANGUAGE_STANDARD = gnu11;
				GCC_NO_COMMON_BLOCKS = YES;
				GCC_WARN_64_TO_32_BIT_CONVERSION = YES;
				GCC_WARN_ABOUT_RETURN_TYPE = YES_ERROR;
				GCC_WARN_UNDECLARED_SELECTOR = YES;
				GCC_WARN_UNINITIALIZED_AUTOS = YES_AGGRESSIVE;
				GCC_WARN_UNUSED_FUNCTION = YES;
				GCC_WARN_UNUSED_VARIABLE = YES;
				IPHONEOS_DEPLOYMENT_TARGET = 11.0;
				MTL_ENABLE_DEBUG_INFO = NO;
				SDKROOT = iphoneos;
				VALIDATE_PRODUCT = YES;
			};
			name = Release;
		};
		866335CE1F87A3C300799EC7 /* Debug */ = {
			isa = XCBuildConfiguration;
			baseConfigurationReference = E31E0F972FAAC67BECFF3D46 /* Pods-YJColorsRuler.debug.xcconfig */;
			buildSettings = {
				ASSETCATALOG_COMPILER_APPICON_NAME = AppIcon;
				CODE_SIGN_STYLE = Automatic;
				INFOPLIST_FILE = YJColorsRuler/Info.plist;
				LD_RUNPATH_SEARCH_PATHS = "$(inherited) @executable_path/Frameworks";
				PRODUCT_BUNDLE_IDENTIFIER = com.yt.YJColorsRuler;
				PRODUCT_NAME = "$(TARGET_NAME)";
				TARGETED_DEVICE_FAMILY = "1,2";
			};
			name = Debug;
		};
		866335CF1F87A3C300799EC7 /* Release */ = {
			isa = XCBuildConfiguration;
			baseConfigurationReference = B7BF6C74876E44EAA3D4432A /* Pods-YJColorsRuler.release.xcconfig */;
			buildSettings = {
				ASSETCATALOG_COMPILER_APPICON_NAME = AppIcon;
				CODE_SIGN_STYLE = Automatic;
				INFOPLIST_FILE = YJColorsRuler/Info.plist;
				LD_RUNPATH_SEARCH_PATHS = "$(inherited) @executable_path/Frameworks";
				PRODUCT_BUNDLE_IDENTIFIER = com.yt.YJColorsRuler;
				PRODUCT_NAME = "$(TARGET_NAME)";
				TARGETED_DEVICE_FAMILY = "1,2";
			};
			name = Release;
		};
		866335D11F87A3C300799EC7 /* Debug */ = {
			isa = XCBuildConfiguration;
			baseConfigurationReference = D4AD777A5C78D9F132BF4AF3 /* Pods-YJColorsRulerTests.debug.xcconfig */;
			buildSettings = {
				BUNDLE_LOADER = "$(TEST_HOST)";
				CODE_SIGN_STYLE = Automatic;
				INFOPLIST_FILE = YJColorsRulerTests/Info.plist;
				LD_RUNPATH_SEARCH_PATHS = "$(inherited) @executable_path/Frameworks @loader_path/Frameworks";
				PRODUCT_BUNDLE_IDENTIFIER = com.yt.YJColorsRulerTests;
				PRODUCT_NAME = "$(TARGET_NAME)";
				TARGETED_DEVICE_FAMILY = "1,2";
				TEST_HOST = "$(BUILT_PRODUCTS_DIR)/YJColorsRuler.app/YJColorsRuler";
			};
			name = Debug;
		};
		866335D21F87A3C300799EC7 /* Release */ = {
			isa = XCBuildConfiguration;
			baseConfigurationReference = 0FB4CF98B8C4BC1978C25C66 /* Pods-YJColorsRulerTests.release.xcconfig */;
			buildSettings = {
				BUNDLE_LOADER = "$(TEST_HOST)";
				CODE_SIGN_STYLE = Automatic;
				INFOPLIST_FILE = YJColorsRulerTests/Info.plist;
				LD_RUNPATH_SEARCH_PATHS = "$(inherited) @executable_path/Frameworks @loader_path/Frameworks";
				PRODUCT_BUNDLE_IDENTIFIER = com.yt.YJColorsRulerTests;
				PRODUCT_NAME = "$(TARGET_NAME)";
				TARGETED_DEVICE_FAMILY = "1,2";
				TEST_HOST = "$(BUILT_PRODUCTS_DIR)/YJColorsRuler.app/YJColorsRuler";
			};
			name = Release;
		};
		866335D41F87A3C300799EC7 /* Debug */ = {
			isa = XCBuildConfiguration;
			baseConfigurationReference = FCDFC5F165D464A0A3A6C6A2 /* Pods-YJColorsRulerUITests.debug.xcconfig */;
			buildSettings = {
				CODE_SIGN_STYLE = Automatic;
				INFOPLIST_FILE = YJColorsRulerUITests/Info.plist;
				LD_RUNPATH_SEARCH_PATHS = "$(inherited) @executable_path/Frameworks @loader_path/Frameworks";
				PRODUCT_BUNDLE_IDENTIFIER = com.yt.YJColorsRulerUITests;
				PRODUCT_NAME = "$(TARGET_NAME)";
				TARGETED_DEVICE_FAMILY = "1,2";
				TEST_TARGET_NAME = YJColorsRuler;
			};
			name = Debug;
		};
		866335D51F87A3C300799EC7 /* Release */ = {
			isa = XCBuildConfiguration;
			baseConfigurationReference = 1025B2172D563127C8B40478 /* Pods-YJColorsRulerUITests.release.xcconfig */;
			buildSettings = {
				CODE_SIGN_STYLE = Automatic;
				INFOPLIST_FILE = YJColorsRulerUITests/Info.plist;
				LD_RUNPATH_SEARCH_PATHS = "$(inherited) @executable_path/Frameworks @loader_path/Frameworks";
				PRODUCT_BUNDLE_IDENTIFIER = com.yt.YJColorsRulerUITests;
				PRODUCT_NAME = "$(TARGET_NAME)";
				TARGETED_DEVICE_FAMILY = "1,2";
				TEST_TARGET_NAME = YJColorsRuler;
			};
			name = Release;
		};
/* End XCBuildConfiguration section */

/* Begin XCConfigurationList section */
		8663359C1F87A3C200799EC7 /* Build configuration list for PBXProject "YJColorsRuler" */ = {
			isa = XCConfigurationList;
			buildConfigurations = (
				866335CB1F87A3C300799EC7 /* Debug */,
				866335CC1F87A3C300799EC7 /* Release */,
			);
			defaultConfigurationIsVisible = 0;
			defaultConfigurationName = Release;
		};
		866335CD1F87A3C300799EC7 /* Build configuration list for PBXNativeTarget "YJColorsRuler" */ = {
			isa = XCConfigurationList;
			buildConfigurations = (
				866335CE1F87A3C300799EC7 /* Debug */,
				866335CF1F87A3C300799EC7 /* Release */,
			);
			defaultConfigurationIsVisible = 0;
			defaultConfigurationName = Release;
		};
		866335D01F87A3C300799EC7 /* Build configuration list for PBXNativeTarget "YJColorsRulerTests" */ = {
			isa = XCConfigurationList;
			buildConfigurations = (
				866335D11F87A3C300799EC7 /* Debug */,
				866335D21F87A3C300799EC7 /* Release */,
			);
			defaultConfigurationIsVisible = 0;
			defaultConfigurationName = Release;
		};
		866335D31F87A3C300799EC7 /* Build configuration list for PBXNativeTarget "YJColorsRulerUITests" */ = {
			isa = XCConfigurationList;
			buildConfigurations = (
				866335D41F87A3C300799EC7 /* Debug */,
				866335D51F87A3C300799EC7 /* Release */,
			);
			defaultConfigurationIsVisible = 0;
			defaultConfigurationName = Release;
		};
/* End XCConfigurationList section */
	};
	rootObject = 866335991F87A3C200799EC7 /* Project object */;
}
